
Microsoft Visual Studio Solution File, Format Version 12.00
# Visual Studio Version 16
VisualStudioVersion = 16.0.29806.167
MinimumVisualStudioVersion = 10.0.40219.1
Project("{8BC9CEB8-8B4A-11D0-8D11-00A0C91BC942}") = "kaktusz", "kaktusz.vcxproj", "{E8EEEC20-56F2-405D-A708-ACAD0D6511FD}"
EndProject
Global
	GlobalSection(SolutionConfigurationPlatforms) = preSolution
		Debug|x64 = Debug|x64
		Debug|x86 = Debug|x86
		Release|x64 = Release|x64
		Release|x86 = Release|x86
	EndGlobalSection
	GlobalSection(ProjectConfigurationPlatforms) = postSolution
		{E8EEEC20-56F2-405D-A708-ACAD0D6511FD}.Debug|x64.ActiveCfg = Debug|x64
		{E8EEEC20-56F2-405D-A708-ACAD0D6511FD}.Debug|x64.Build.0 = Debug|x64
		{E8EEEC20-56F2-405D-A708-ACAD0D6511FD}.Debug|x86.ActiveCfg = Debug|Win32
		{E8EEEC20-56F2-405D-A708-ACAD0D6511FD}.Debug|x86.Build.0 = Debug|Win32
		{E8EEEC20-56F2-405D-A708-ACAD0D6511FD}.Release|x64.ActiveCfg = Release|x64
		{E8EEEC20-56F2-405D-A708-ACAD0D6511FD}.Release|x64.Build.0 = Release|x64
		{E8EEEC20-56F2-405D-A708-ACAD0D6511FD}.Release|x86.ActiveCfg = Release|Win32
		{E8EEEC20-56F2-405D-A708-ACAD0D6511FD}.Release|x86.Build.0 = Release|Win32
	EndGlobalSection
	GlobalSection(SolutionProperties) = preSolution
		HideSolutionNode = FALSE
	EndGlobalSection
	GlobalSection(ExtensibilityGlobals) = postSolution
		SolutionGuid = {74BD2136-D947-4999-B3F0-0F5E39128B25}
	EndGlobalSection
EndGlobal
